
Microsoft Visual Studio Solution File, Format Version 12.00
# Visual Studio 2013
VisualStudioVersion = 12.0.31101.0
MinimumVisualStudioVersion = 10.0.40219.1
Project("{FAE04EC0-301F-11D3-BF4B-00C04F79EFBC}") = "Lunch2Go", "Lunch2Go\Lunch2Go.csproj", "{7273CC2D-C597-47EC-8C3C-61FB1DC344F5}"
EndProject
Project("{FAE04EC0-301F-11D3-BF4B-00C04F79EFBC}") = "Lunch2Go.Tests", "Lunch2Go.Tests\Lunch2Go.Tests.csproj", "{413F2108-5D69-4C92-8329-D3329882E13C}"
EndProject
Global
	GlobalSection(SolutionConfigurationPlatforms) = preSolution
		Debug|Any CPU = Debug|Any CPU
		Release|Any CPU = Release|Any CPU
	EndGlobalSection
	GlobalSection(ProjectConfigurationPlatforms) = postSolution
		{7273CC2D-C597-47EC-8C3C-61FB1DC344F5}.Debug|Any CPU.ActiveCfg = Debug|Any CPU
		{7273CC2D-C597-47EC-8C3C-61FB1DC344F5}.Debug|Any CPU.Build.0 = Debug|Any CPU
		{7273CC2D-C597-47EC-8C3C-61FB1DC344F5}.Release|Any CPU.ActiveCfg = Release|Any CPU
		{7273CC2D-C597-47EC-8C3C-61FB1DC344F5}.Release|Any CPU.Build.0 = Release|Any CPU
		{413F2108-5D69-4C92-8329-D3329882E13C}.Debug|Any CPU.ActiveCfg = Debug|Any CPU
		{413F2108-5D69-4C92-8329-D3329882E13C}.Debug|Any CPU.Build.0 = Debug|Any CPU
		{413F2108-5D69-4C92-8329-D3329882E13C}.Release|Any CPU.ActiveCfg = Release|Any CPU
		{413F2108-5D69-4C92-8329-D3329882E13C}.Release|Any CPU.Build.0 = Release|Any CPU
	EndGlobalSection
	GlobalSection(SolutionProperties) = preSolution
		HideSolutionNode = FALSE
	EndGlobalSection
EndGlobal
